{
  "nodes": {
    "nixpkgs": {
      "locked": {
        "lastModified": 1735548968,
        "narHash": "sha256-oJybHARViG/BvwL4c3zqUjKfvbivz5J7S+jpTH+Lha0=",
        "owner": "nixos",
        "repo": "nixpkgs",
        "rev": "2877bf49887ffa229afdda19ab2e3271ea1ec18c",
        "type": "github"
      },
      "original": {
        "owner": "nixos",
        "ref": "nixos-24.11-small",
        "repo": "nixpkgs",
        "type": "github"
      }
    },
    "root": {
      "inputs": {
        "nixpkgs": "nixpkgs"
      }
    }
  },
  "root": "root",
  "version": 7
}
